
Microsoft Visual Studio Solution File, Format Version 12.00
# Visual Studio 15
VisualStudioVersion = 15.0.28307.1622
MinimumVisualStudioVersion = 10.0.40219.1
Project("{FAE04EC0-301F-11D3-BF4B-00C04F79EFBC}") = "GitTest", "GitTest\GitTest.csproj", "{ED43D8E9-5AA6-43F1-9B66-92FC6B406789}"
EndProject
Global
	GlobalSection(SolutionConfigurationPlatforms) = preSolution
		Debug|Any CPU = Debug|Any CPU
		Release|Any CPU = Release|Any CPU
	EndGlobalSection
	GlobalSection(ProjectConfigurationPlatforms) = postSolution
		{ED43D8E9-5AA6-43F1-9B66-92FC6B406789}.Debug|Any CPU.ActiveCfg = Debug|Any CPU
		{ED43D8E9-5AA6-43F1-9B66-92FC6B406789}.Debug|Any CPU.Build.0 = Debug|Any CPU
		{ED43D8E9-5AA6-43F1-9B66-92FC6B406789}.Release|Any CPU.ActiveCfg = Release|Any CPU
		{ED43D8E9-5AA6-43F1-9B66-92FC6B406789}.Release|Any CPU.Build.0 = Release|Any CPU
	EndGlobalSection
	GlobalSection(SolutionProperties) = preSolution
		HideSolutionNode = FALSE
	EndGlobalSection
	GlobalSection(ExtensibilityGlobals) = postSolution
		SolutionGuid = {8C805366-811F-485C-9999-8899FBD4DEA1}
	EndGlobalSection
EndGlobal
